// !$*UTF8*$!
{
	archiveVersion = 1;
	classes = {
	};
	objectVersion = 55;
	objects = {

/* Begin PBXBuildFile section */
		3103213128814BA500D2285D /* AppDelegate.swift in Sources */ = {isa = PBXBuildFile; fileRef = 3103213028814BA500D2285D /* AppDelegate.swift */; };
		3103213328814BA500D2285D /* art.scnassets in Resources */ = {isa = PBXBuildFile; fileRef = 3103213228814BA500D2285D /* art.scnassets */; };
		3103213528814BA500D2285D /* ViewController.swift in Sources */ = {isa = PBXBuildFile; fileRef = 3103213428814BA500D2285D /* ViewController.swift */; };
		3103213828814BA500D2285D /* Main.storyboard in Resources */ = {isa = PBXBuildFile; fileRef = 3103213628814BA500D2285D /* Main.storyboard */; };
		3103213A28814BA600D2285D /* Assets.xcassets in Resources */ = {isa = PBXBuildFile; fileRef = 3103213928814BA600D2285D /* Assets.xcassets */; };
		3103213D28814BA600D2285D /* LaunchScreen.storyboard in Resources */ = {isa = PBXBuildFile; fileRef = 3103213B28814BA600D2285D /* LaunchScreen.storyboard */; };
		31032144288150E300D2285D /* Draw.swift in Sources */ = {isa = PBXBuildFile; fileRef = 31032143288150E300D2285D /* Draw.swift */; };
		3103214A2881A11900D2285D /* Play.swift in Sources */ = {isa = PBXBuildFile; fileRef = 310321492881A11900D2285D /* Play.swift */; };
		31353EA528829CA800EC8268 /* Model.xcdatamodeld in Sources */ = {isa = PBXBuildFile; fileRef = 31353EA328829CA800EC8268 /* Model.xcdatamodeld */; };
		31353ECA2882A06300EC8268 /* Storage.swift in Sources */ = {isa = PBXBuildFile; fileRef = 31353EC92882A06300EC8268 /* Storage.swift */; };
		31353ECE2882A3A800EC8268 /* HistoryViewController.swift in Sources */ = {isa = PBXBuildFile; fileRef = 31353ECD2882A3A800EC8268 /* HistoryViewController.swift */; };
		31353ED02882B29500EC8268 /* HistoryTableViewCell.swift in Sources */ = {isa = PBXBuildFile; fileRef = 31353ECF2882B29500EC8268 /* HistoryTableViewCell.swift */; };
		31866B0728857E380066E343 /* failsound.mp3 in Resources */ = {isa = PBXBuildFile; fileRef = 31866B0428857E380066E343 /* failsound.mp3 */; };
		31866B0828857E380066E343 /* fallsound.mp3 in Resources */ = {isa = PBXBuildFile; fileRef = 31866B0528857E380066E343 /* fallsound.mp3 */; };
		31866B0928857E380066E343 /* presssound.mp3 in Resources */ = {isa = PBXBuildFile; fileRef = 31866B0628857E380066E343 /* presssound.mp3 */; };
		31866B0B288585930066E343 /* Graze the Roof.mp3 in Resources */ = {isa = PBXBuildFile; fileRef = 31866B0A288585930066E343 /* Graze the Roof.mp3 */; };
		31866B0D288588D50066E343 /* Progress.swift in Sources */ = {isa = PBXBuildFile; fileRef = 31866B0C288588D50066E343 /* Progress.swift */; };
/* End PBXBuildFile section */

/* Begin PBXFileReference section */
		3103212D28814BA500D2285D /* ARJump.app */ = {isa = PBXFileReference; explicitFileType = wrapper.application; includeInIndex = 0; path = ARJump.app; sourceTree = BUILT_PRODUCTS_DIR; };
		3103213028814BA500D2285D /* AppDelegate.swift */ = {isa = PBXFileReference; lastKnownFileType = sourcecode.swift; path = AppDelegate.swift; sourceTree = "<group>"; };
		3103213228814BA500D2285D /* art.scnassets */ = {isa = PBXFileReference; lastKnownFileType = wrapper.scnassets; path = art.scnassets; sourceTree = "<group>"; };
		3103213428814BA500D2285D /* ViewController.swift */ = {isa = PBXFileReference; lastKnownFileType = sourcecode.swift; path = ViewController.swift; sourceTree = "<group>"; };
		3103213728814BA500D2285D /* Base */ = {isa = PBXFileReference; lastKnownFileType = file.storyboard; name = Base; path = Base.lproj/Main.storyboard; sourceTree = "<group>"; };
		3103213928814BA600D2285D /* Assets.xcassets */ = {isa = PBXFileReference; lastKnownFileType = folder.assetcatalog; path = Assets.xcassets; sourceTree = "<group>"; };
		3103213C28814BA600D2285D /* Base */ = {isa = PBXFileReference; lastKnownFileType = file.storyboard; name = Base; path = Base.lproj/LaunchScreen.storyboard; sourceTree = "<group>"; };
		31032143288150E300D2285D /* Draw.swift */ = {isa = PBXFileReference; lastKnownFileType = sourcecode.swift; path = Draw.swift; sourceTree = "<group>"; };
		310321492881A11900D2285D /* Play.swift */ = {isa = PBXFileReference; lastKnownFileType = sourcecode.swift; path = Play.swift; sourceTree = "<group>"; };
		31353EA428829CA800EC8268 /* Model.xcdatamodel */ = {isa = PBXFileReference; lastKnownFileType = wrapper.xcdatamodel; path = Model.xcdatamodel; sourceTree = "<group>"; };
		31353EC92882A06300EC8268 /* Storage.swift */ = {isa = PBXFileReference; lastKnownFileType = sourcecode.swift; path = Storage.swift; sourceTree = "<group>"; };
		31353ECD2882A3A800EC8268 /* HistoryViewController.swift */ = {isa = PBXFileReference; lastKnownFileType = sourcecode.swift; path = HistoryViewController.swift; sourceTree = "<group>"; };
		31353ECF2882B29500EC8268 /* HistoryTableViewCell.swift */ = {isa = PBXFileReference; lastKnownFileType = sourcecode.swift; path = HistoryTableViewCell.swift; sourceTree = "<group>"; };
		31866B0428857E380066E343 /* failsound.mp3 */ = {isa = PBXFileReference; lastKnownFileType = audio.mp3; path = failsound.mp3; sourceTree = "<group>"; };
		31866B0528857E380066E343 /* fallsound.mp3 */ = {isa = PBXFileReference; lastKnownFileType = audio.mp3; path = fallsound.mp3; sourceTree = "<group>"; };
		31866B0628857E380066E343 /* presssound.mp3 */ = {isa = PBXFileReference; lastKnownFileType = audio.mp3; path = presssound.mp3; sourceTree = "<group>"; };
		31866B0A288585930066E343 /* Graze the Roof.mp3 */ = {isa = PBXFileReference; lastKnownFileType = audio.mp3; path = "Graze the Roof.mp3"; sourceTree = "<group>"; };
		31866B0C288588D50066E343 /* Progress.swift */ = {isa = PBXFileReference; lastKnownFileType = sourcecode.swift; path = Progress.swift; sourceTree = "<group>"; };
/* End PBXFileReference section */

/* Begin PBXFrameworksBuildPhase section */
		3103212A28814BA500D2285D /* Frameworks */ = {
			isa = PBXFrameworksBuildPhase;
			buildActionMask = 2147483647;
			files = (
			);
			runOnlyForDeploymentPostprocessing = 0;
		};
/* End PBXFrameworksBuildPhase section */

/* Begin PBXGroup section */
		3103212428814BA500D2285D = {
			isa = PBXGroup;
			children = (
				3103212F28814BA500D2285D /* ARJump */,
				3103212E28814BA500D2285D /* Products */,
			);
			sourceTree = "<group>";
		};
		3103212E28814BA500D2285D /* Products */ = {
			isa = PBXGroup;
			children = (
				3103212D28814BA500D2285D /* ARJump.app */,
			);
			name = Products;
			sourceTree = "<group>";
		};
		3103212F28814BA500D2285D /* ARJump */ = {
			isa = PBXGroup;
			children = (
				31353ED32882BF9500EC8268 /* Models */,
				31353ED42882BFBA00EC8268 /* Views */,
				31353ED52882BFD300EC8268 /* Controllers */,
				3103213228814BA500D2285D /* art.scnassets */,
				3103213028814BA500D2285D /* AppDelegate.swift */,
				3103213628814BA500D2285D /* Main.storyboard */,
				3103213928814BA600D2285D /* Assets.xcassets */,
				3103213B28814BA600D2285D /* LaunchScreen.storyboard */,
				31866B0428857E380066E343 /* failsound.mp3 */,
				31866B0528857E380066E343 /* fallsound.mp3 */,
				31866B0628857E380066E343 /* presssound.mp3 */,
				31866B0A288585930066E343 /* Graze the Roof.mp3 */,
			);
			path = ARJump;
			sourceTree = "<group>";
		};
		31353ED32882BF9500EC8268 /* Models */ = {
			isa = PBXGroup;
			children = (
				31353EC92882A06300EC8268 /* Storage.swift */,
				31353EA328829CA800EC8268 /* Model.xcdatamodeld */,
			);
			name = Models;
			sourceTree = "<group>";
		};
		31353ED42882BFBA00EC8268 /* Views */ = {
			isa = PBXGroup;
			children = (
				31353ECF2882B29500EC8268 /* HistoryTableViewCell.swift */,
			);
			name = Views;
			sourceTree = "<group>";
		};
		31353ED52882BFD300EC8268 /* Controllers */ = {
			isa = PBXGroup;
			children = (
				31353ED62882C00E00EC8268 /* Play */,
				31353ECD2882A3A800EC8268 /* HistoryViewController.swift */,
			);
			name = Controllers;
			sourceTree = "<group>";
		};
		31353ED62882C00E00EC8268 /* Play */ = {
			isa = PBXGroup;
			children = (
				31032143288150E300D2285D /* Draw.swift */,
				310321492881A11900D2285D /* Play.swift */,
				3103213428814BA500D2285D /* ViewController.swift */,
				31866B0C288588D50066E343 /* Progress.swift */,
			);
			name = Play;
			sourceTree = "<group>";
		};
/* End PBXGroup section */

/* Begin PBXNativeTarget section */
		3103212C28814BA500D2285D /* ARJump */ = {
			isa = PBXNativeTarget;
			buildConfigurationList = 3103214028814BA600D2285D /* Build configuration list for PBXNativeTarget "ARJump" */;
			buildPhases = (
				3103212928814BA500D2285D /* Sources */,
				3103212A28814BA500D2285D /* Frameworks */,
				3103212B28814BA500D2285D /* Resources */,
			);
			buildRules = (
			);
			dependencies = (
			);
			name = ARJump;
			productName = ARJump;
			productReference = 3103212D28814BA500D2285D /* ARJump.app */;
			productType = "com.apple.product-type.application";
		};
/* End PBXNativeTarget section */

/* Begin PBXProject section */
		3103212528814BA500D2285D /* Project object */ = {
			isa = PBXProject;
			attributes = {
				BuildIndependentTargetsInParallel = 1;
				LastSwiftUpdateCheck = 1340;
				LastUpgradeCheck = 1340;
				TargetAttributes = {
					3103212C28814BA500D2285D = {
						CreatedOnToolsVersion = 13.4.1;
					};
				};
			};
			buildConfigurationList = 3103212828814BA500D2285D /* Build configuration list for PBXProject "ARJump" */;
			compatibilityVersion = "Xcode 13.0";
			developmentRegion = en;
			hasScannedForEncodings = 0;
			knownRegions = (
				en,
				Base,
			);
			mainGroup = 3103212428814BA500D2285D;
			productRefGroup = 3103212E28814BA500D2285D /* Products */;
			projectDirPath = "";
			projectRoot = "";
			targets = (
				3103212C28814BA500D2285D /* ARJump */,
			);
		};
/* End PBXProject section */

/* Begin PBXResourcesBuildPhase section */
		3103212B28814BA500D2285D /* Resources */ = {
			isa = PBXResourcesBuildPhase;
			buildActionMask = 2147483647;
			files = (
				31866B0B288585930066E343 /* Graze the Roof.mp3 in Resources */,
				31866B0728857E380066E343 /* failsound.mp3 in Resources */,
				31866B0828857E380066E343 /* fallsound.mp3 in Resources */,
				3103213328814BA500D2285D /* art.scnassets in Resources */,
				3103213D28814BA600D2285D /* LaunchScreen.storyboard in Resources */,
				3103213A28814BA600D2285D /* Assets.xcassets in Resources */,
				31866B0928857E380066E343 /* presssound.mp3 in Resources */,
				3103213828814BA500D2285D /* Main.storyboard in Resources */,
			);
			runOnlyForDeploymentPostprocessing = 0;
		};
/* End PBXResourcesBuildPhase section */

/* Begin PBXSourcesBuildPhase section */
		3103212928814BA500D2285D /* Sources */ = {
			isa = PBXSourcesBuildPhase;
			buildActionMask = 2147483647;
			files = (
				31866B0D288588D50066E343 /* Progress.swift in Sources */,
				31032144288150E300D2285D /* Draw.swift in Sources */,
				3103213528814BA500D2285D /* ViewController.swift in Sources */,
				31353ED02882B29500EC8268 /* HistoryTableViewCell.swift in Sources */,
				31353EA528829CA800EC8268 /* Model.xcdatamodeld in Sources */,
				3103213128814BA500D2285D /* AppDelegate.swift in Sources */,
				3103214A2881A11900D2285D /* Play.swift in Sources */,
				31353ECE2882A3A800EC8268 /* HistoryViewController.swift in Sources */,
				31353ECA2882A06300EC8268 /* Storage.swift in Sources */,
			);
			runOnlyForDeploymentPostprocessing = 0;
		};
/* End PBXSourcesBuildPhase section */

/* Begin PBXVariantGroup section */
		3103213628814BA500D2285D /* Main.storyboard */ = {
			isa = PBXVariantGroup;
			children = (
				3103213728814BA500D2285D /* Base */,
			);
			name = Main.storyboard;
			sourceTree = "<group>";
		};
		3103213B28814BA600D2285D /* LaunchScreen.storyboard */ = {
			isa = PBXVariantGroup;
			children = (
				3103213C28814BA600D2285D /* Base */,
			);
			name = LaunchScreen.storyboard;
			sourceTree = "<group>";
		};
/* End PBXVariantGroup section */

/* Begin XCBuildConfiguration section */
		3103213E28814BA600D2285D /* Debug */ = {
			isa = XCBuildConfiguration;
			buildSettings = {
				ALWAYS_SEARCH_USER_PATHS = NO;
				CLANG_ANALYZER_NONNULL = YES;
				CLANG_ANALYZER_NUMBER_OBJECT_CONVERSION = YES_AGGRESSIVE;
				CLANG_CXX_LANGUAGE_STANDARD = "gnu++17";
				CLANG_ENABLE_MODULES = YES;
				CLANG_ENABLE_OBJC_ARC = YES;
				CLANG_ENABLE_OBJC_WEAK = YES;
				CLANG_WARN_BLOCK_CAPTURE_AUTORELEASING = YES;
				CLANG_WARN_BOOL_CONVERSION = YES;
				CLANG_WARN_COMMA = YES;
				CLANG_WARN_CONSTANT_CONVERSION = YES;
				CLANG_WARN_DEPRECATED_OBJC_IMPLEMENTATIONS = YES;
				CLANG_WARN_DIRECT_OBJC_ISA_USAGE = YES_ERROR;
				CLANG_WARN_DOCUMENTATION_COMMENTS = YES;
				CLANG_WARN_EMPTY_BODY = YES;
				CLANG_WARN_ENUM_CONVERSION = YES;
				CLANG_WARN_INFINITE_RECURSION = YES;
				CLANG_WARN_INT_CONVERSION = YES;
				CLANG_WARN_NON_LITERAL_NULL_CONVERSION = YES;
				CLANG_WARN_OBJC_IMPLICIT_RETAIN_SELF = YES;
				CLANG_WARN_OBJC_LITERAL_CONVERSION = YES;
				CLANG_WARN_OBJC_ROOT_CLASS = YES_ERROR;
				CLANG_WARN_QUOTED_INCLUDE_IN_FRAMEWORK_HEADER = YES;
				CLANG_WARN_RANGE_LOOP_ANALYSIS = YES;
				CLANG_WARN_STRICT_PROTOTYPES = YES;
				CLANG_WARN_SUSPICIOUS_MOVE = YES;
				CLANG_WARN_UNGUARDED_AVAILABILITY = YES_AGGRESSIVE;
				CLANG_WARN_UNREACHABLE_CODE = YES;
				CLANG_WARN__DUPLICATE_METHOD_MATCH = YES;
				COPY_PHASE_STRIP = NO;
				DEBUG_INFORMATION_FORMAT = dwarf;
				ENABLE_STRICT_OBJC_MSGSEND = YES;
				ENABLE_TESTABILITY = YES;
				GCC_C_LANGUAGE_STANDARD = gnu11;
				GCC_DYNAMIC_NO_PIC = NO;
				GCC_NO_COMMON_BLOCKS = YES;
				GCC_OPTIMIZATION_LEVEL = 0;
				GCC_PREPROCESSOR_DEFINITIONS = (
					"DEBUG=1",
					"$(inherited)",
				);
				GCC_WARN_64_TO_32_BIT_CONVERSION = YES;
				GCC_WARN_ABOUT_RETURN_TYPE = YES_ERROR;
				GCC_WARN_UNDECLARED_SELECTOR = YES;
				GCC_WARN_UNINITIALIZED_AUTOS = YES_AGGRESSIVE;
				GCC_WARN_UNUSED_FUNCTION = YES;
				GCC_WARN_UNUSED_VARIABLE = YES;
				IPHONEOS_DEPLOYMENT_TARGET = 13.0;
				MTL_ENABLE_DEBUG_INFO = INCLUDE_SOURCE;
				MTL_FAST_MATH = YES;
				ONLY_ACTIVE_ARCH = YES;
				SDKROOT = iphoneos;
				SWIFT_ACTIVE_COMPILATION_CONDITIONS = DEBUG;
				SWIFT_OPTIMIZATION_LEVEL = "-Onone";
			};
			name = Debug;
		};
		3103213F28814BA600D2285D /* Release */ = {
			isa = XCBuildConfiguration;
			buildSettings = {
				ALWAYS_SEARCH_USER_PATHS = NO;
				CLANG_ANALYZER_NONNULL = YES;
				CLANG_ANALYZER_NUMBER_OBJECT_CONVERSION = YES_AGGRESSIVE;
				CLANG_CXX_LANGUAGE_STANDARD = "gnu++17";
				CLANG_ENABLE_MODULES = YES;
				CLANG_ENABLE_OBJC_ARC = YES;
				CLANG_ENABLE_OBJC_WEAK = YES;
				CLANG_WARN_BLOCK_CAPTURE_AUTORELEASING = YES;
				CLANG_WARN_BOOL_CONVERSION = YES;
				CLANG_WARN_COMMA = YES;
				CLANG_WARN_CONSTANT_CONVERSION = YES;
				CLANG_WARN_DEPRECATED_OBJC_IMPLEMENTATIONS = YES;
				CLANG_WARN_DIRECT_OBJC_ISA_USAGE = YES_ERROR;
				CLANG_WARN_DOCUMENTATION_COMMENTS = YES;
				CLANG_WARN_EMPTY_BODY = YES;
				CLANG_WARN_ENUM_CONVERSION = YES;
				CLANG_WARN_INFINITE_RECURSION = YES;
				CLANG_WARN_INT_CONVERSION = YES;
				CLANG_WARN_NON_LITERAL_NULL_CONVERSION = YES;
				CLANG_WARN_OBJC_IMPLICIT_RETAIN_SELF = YES;
				CLANG_WARN_OBJC_LITERAL_CONVERSION = YES;
				CLANG_WARN_OBJC_ROOT_CLASS = YES_ERROR;
				CLANG_WARN_QUOTED_INCLUDE_IN_FRAMEWORK_HEADER = YES;
				CLANG_WARN_RANGE_LOOP_ANALYSIS = YES;
				CLANG_WARN_STRICT_PROTOTYPES = YES;
				CLANG_WARN_SUSPICIOUS_MOVE = YES;
				CLANG_WARN_UNGUARDED_AVAILABILITY = YES_AGGRESSIVE;
				CLANG_WARN_UNREACHABLE_CODE = YES;
				CLANG_WARN__DUPLICATE_METHOD_MATCH = YES;
				COPY_PHASE_STRIP = NO;
				DEBUG_INFORMATION_FORMAT = "dwarf-with-dsym";
				ENABLE_NS_ASSERTIONS = NO;
				ENABLE_STRICT_OBJC_MSGSEND = YES;
				GCC_C_LANGUAGE_STANDARD = gnu11;
				GCC_NO_COMMON_BLOCKS = YES;
				GCC_WARN_64_TO_32_BIT_CONVERSION = YES;
				GCC_WARN_ABOUT_RETURN_TYPE = YES_ERROR;
				GCC_WARN_UNDECLARED_SELECTOR = YES;
				GCC_WARN_UNINITIALIZED_AUTOS = YES_AGGRESSIVE;
				GCC_WARN_UNUSED_FUNCTION = YES;
				GCC_WARN_UNUSED_VARIABLE = YES;
				IPHONEOS_DEPLOYMENT_TARGET = 13.0;
				MTL_ENABLE_DEBUG_INFO = NO;
				MTL_FAST_MATH = YES;
				SDKROOT = iphoneos;
				SWIFT_COMPILATION_MODE = wholemodule;
				SWIFT_OPTIMIZATION_LEVEL = "-O";
				VALIDATE_PRODUCT = YES;
			};
			name = Release;
		};
		3103214128814BA600D2285D /* Debug */ = {
			isa = XCBuildConfiguration;
			buildSettings = {
				ASSETCATALOG_COMPILER_APPICON_NAME = AppIcon;
				ASSETCATALOG_COMPILER_GLOBAL_ACCENT_COLOR_NAME = AccentColor;
				CODE_SIGN_STYLE = Automatic;
				CURRENT_PROJECT_VERSION = 1;
				DEVELOPMENT_TEAM = LKMBDQA2QL;
				GENERATE_INFOPLIST_FILE = YES;
				INFOPLIST_KEY_NSCameraUsageDescription = "";
				INFOPLIST_KEY_UIApplicationSupportsIndirectInputEvents = YES;
				INFOPLIST_KEY_UILaunchStoryboardName = LaunchScreen;
				INFOPLIST_KEY_UIMainStoryboardFile = Main;
				INFOPLIST_KEY_UIRequiredDeviceCapabilities = arkit;
				INFOPLIST_KEY_UIStatusBarHidden = YES;
				INFOPLIST_KEY_UISupportedInterfaceOrientations_iPad = "UIInterfaceOrientationPortrait UIInterfaceOrientationPortraitUpsideDown UIInterfaceOrientationLandscapeLeft UIInterfaceOrientationLandscapeRight";
				INFOPLIST_KEY_UISupportedInterfaceOrientations_iPhone = "UIInterfaceOrientationPortrait UIInterfaceOrientationLandscapeLeft UIInterfaceOrientationLandscapeRight";
				LD_RUNPATH_SEARCH_PATHS = (
					"$(inherited)",
					"@executable_path/Frameworks",
				);
				MARKETING_VERSION = 1.0;
				PRODUCT_BUNDLE_IDENTIFIER = top.uniqueFranky.ARJump;
				PRODUCT_NAME = "$(TARGET_NAME)";
				SWIFT_EMIT_LOC_STRINGS = YES;
				SWIFT_VERSION = 5.0;
				TARGETED_DEVICE_FAMILY = "1,2";
			};
			name = Debug;
		};
		3103214228814BA600D2285D /* Release */ = {
			isa = XCBuildConfiguration;
			buildSettings = {
				ASSETCATALOG_COMPILER_APPICON_NAME = AppIcon;
				ASSETCATALOG_COMPILER_GLOBAL_ACCENT_COLOR_NAME = AccentColor;
				CODE_SIGN_STYLE = Automatic;
				CURRENT_PROJECT_VERSION = 1;
				DEVELOPMENT_TEAM = LKMBDQA2QL;
				GENERATE_INFOPLIST_FILE = YES;
				INFOPLIST_KEY_NSCameraUsageDescription = "";
				INFOPLIST_KEY_UIApplicationSupportsIndirectInputEvents = YES;
				INFOPLIST_KEY_UILaunchStoryboardName = LaunchScreen;
				INFOPLIST_KEY_UIMainStoryboardFile = Main;
				INFOPLIST_KEY_UIRequiredDeviceCapabilities = arkit;
				INFOPLIST_KEY_UIStatusBarHidden = YES;
				INFOPLIST_KEY_UISupportedInterfaceOrientations_iPad = "UIInterfaceOrientationPortrait UIInterfaceOrientationPortraitUpsideDown UIInterfaceOrientationLandscapeLeft UIInterfaceOrientationLandscapeRight";
				INFOPLIST_KEY_UISupportedInterfaceOrientations_iPhone = "UIInterfaceOrientationPortrait UIInterfaceOrientationLandscapeLeft UIInterfaceOrientationLandscapeRight";
				LD_RUNPATH_SEARCH_PATHS = (
					"$(inherited)",
					"@executable_path/Frameworks",
				);
				MARKETING_VERSION = 1.0;
				PRODUCT_BUNDLE_IDENTIFIER = top.uniqueFranky.ARJump;
				PRODUCT_NAME = "$(TARGET_NAME)";
				SWIFT_EMIT_LOC_STRINGS = YES;
				SWIFT_VERSION = 5.0;
				TARGETED_DEVICE_FAMILY = "1,2";
			};
			name = Release;
		};
/* End XCBuildConfiguration section */

/* Begin XCConfigurationList section */
		3103212828814BA500D2285D /* Build configuration list for PBXProject "ARJump" */ = {
			isa = XCConfigurationList;
			buildConfigurations = (
				3103213E28814BA600D2285D /* Debug */,
				3103213F28814BA600D2285D /* Release */,
			);
			defaultConfigurationIsVisible = 0;
			defaultConfigurationName = Release;
		};
		3103214028814BA600D2285D /* Build configuration list for PBXNativeTarget "ARJump" */ = {
			isa = XCConfigurationList;
			buildConfigurations = (
				3103214128814BA600D2285D /* Debug */,
				3103214228814BA600D2285D /* Release */,
			);
			defaultConfigurationIsVisible = 0;
			defaultConfigurationName = Release;
		};
/* End XCConfigurationList section */

/* Begin XCVersionGroup section */
		31353EA328829CA800EC8268 /* Model.xcdatamodeld */ = {
			isa = XCVersionGroup;
			children = (
				31353EA428829CA800EC8268 /* Model.xcdatamodel */,
			);
			currentVersion = 31353EA428829CA800EC8268 /* Model.xcdatamodel */;
			path = Model.xcdatamodeld;
			sourceTree = "<group>";
			versionGroupType = wrapper.xcdatamodel;
		};
/* End XCVersionGroup section */
	};
	rootObject = 3103212528814BA500D2285D /* Project object */;
}
